
Microsoft Visual Studio Solution File, Format Version 12.00
# Visual Studio 15
VisualStudioVersion = 15.0.27703.2042
MinimumVisualStudioVersion = 10.0.40219.1
Project("{FAE04EC0-301F-11D3-BF4B-00C04F79EFBC}") = "members", "members\members.csproj", "{895A1267-7F18-4B58-AFC2-9FC65E9F60DE}"
EndProject
Global
	GlobalSection(SolutionConfigurationPlatforms) = preSolution
		Debug|Any CPU = Debug|Any CPU
		Release|Any CPU = Release|Any CPU
	EndGlobalSection
	GlobalSection(ProjectConfigurationPlatforms) = postSolution
		{895A1267-7F18-4B58-AFC2-9FC65E9F60DE}.Debug|Any CPU.ActiveCfg = Debug|Any CPU
		{895A1267-7F18-4B58-AFC2-9FC65E9F60DE}.Debug|Any CPU.Build.0 = Debug|Any CPU
		{895A1267-7F18-4B58-AFC2-9FC65E9F60DE}.Release|Any CPU.ActiveCfg = Release|Any CPU
		{895A1267-7F18-4B58-AFC2-9FC65E9F60DE}.Release|Any CPU.Build.0 = Release|Any CPU
	EndGlobalSection
	GlobalSection(SolutionProperties) = preSolution
		HideSolutionNode = FALSE
	EndGlobalSection
	GlobalSection(ExtensibilityGlobals) = postSolution
		SolutionGuid = {C6B1AD12-B205-47FE-8CE4-CAE1562577E0}
	EndGlobalSection
EndGlobal
