
Microsoft Visual Studio Solution File, Format Version 12.00
# Visual Studio 15
VisualStudioVersion = 15.0.27703.2047
MinimumVisualStudioVersion = 10.0.40219.1
Project("{FAE04EC0-301F-11D3-BF4B-00C04F79EFBC}") = "WPF - ListBox", "WPF - ListBox\WPF - ListBox.csproj", "{2FDEBF5E-4646-4FA1-904A-0B4CF9426BBE}"
EndProject
Global
	GlobalSection(SolutionConfigurationPlatforms) = preSolution
		Debug|Any CPU = Debug|Any CPU
		Release|Any CPU = Release|Any CPU
	EndGlobalSection
	GlobalSection(ProjectConfigurationPlatforms) = postSolution
		{2FDEBF5E-4646-4FA1-904A-0B4CF9426BBE}.Debug|Any CPU.ActiveCfg = Debug|Any CPU
		{2FDEBF5E-4646-4FA1-904A-0B4CF9426BBE}.Debug|Any CPU.Build.0 = Debug|Any CPU
		{2FDEBF5E-4646-4FA1-904A-0B4CF9426BBE}.Release|Any CPU.ActiveCfg = Release|Any CPU
		{2FDEBF5E-4646-4FA1-904A-0B4CF9426BBE}.Release|Any CPU.Build.0 = Release|Any CPU
	EndGlobalSection
	GlobalSection(SolutionProperties) = preSolution
		HideSolutionNode = FALSE
	EndGlobalSection
	GlobalSection(ExtensibilityGlobals) = postSolution
		SolutionGuid = {08FD7C31-3C8C-405C-AB37-F00C1C8266F4}
	EndGlobalSection
EndGlobal
