
Microsoft Visual Studio Solution File, Format Version 12.00
# Visual Studio 15
VisualStudioVersion = 15.0.27703.2047
MinimumVisualStudioVersion = 10.0.40219.1
Project("{FAE04EC0-301F-11D3-BF4B-00C04F79EFBC}") = "RegularExpressions", "RegularExpressions\RegularExpressions.csproj", "{96E50B59-2C40-4FF8-9A44-484419CDEC31}"
EndProject
Global
	GlobalSection(SolutionConfigurationPlatforms) = preSolution
		Debug|Any CPU = Debug|Any CPU
		Release|Any CPU = Release|Any CPU
	EndGlobalSection
	GlobalSection(ProjectConfigurationPlatforms) = postSolution
		{96E50B59-2C40-4FF8-9A44-484419CDEC31}.Debug|Any CPU.ActiveCfg = Debug|Any CPU
		{96E50B59-2C40-4FF8-9A44-484419CDEC31}.Debug|Any CPU.Build.0 = Debug|Any CPU
		{96E50B59-2C40-4FF8-9A44-484419CDEC31}.Release|Any CPU.ActiveCfg = Release|Any CPU
		{96E50B59-2C40-4FF8-9A44-484419CDEC31}.Release|Any CPU.Build.0 = Release|Any CPU
	EndGlobalSection
	GlobalSection(SolutionProperties) = preSolution
		HideSolutionNode = FALSE
	EndGlobalSection
	GlobalSection(ExtensibilityGlobals) = postSolution
		SolutionGuid = {999FFDD4-AF2A-4512-BB1C-29A391D9407B}
	EndGlobalSection
EndGlobal
