
Microsoft Visual Studio Solution File, Format Version 12.00
# Visual Studio 15
VisualStudioVersion = 15.0.27703.2047
MinimumVisualStudioVersion = 10.0.40219.1
Project("{FAE04EC0-301F-11D3-BF4B-00C04F79EFBC}") = "WPF - Events in XAML", "WPF - Events in XAML\WPF - Events in XAML.csproj", "{CE71746F-EA07-46FC-A16E-3DA36348FCA8}"
EndProject
Global
	GlobalSection(SolutionConfigurationPlatforms) = preSolution
		Debug|Any CPU = Debug|Any CPU
		Release|Any CPU = Release|Any CPU
	EndGlobalSection
	GlobalSection(ProjectConfigurationPlatforms) = postSolution
		{CE71746F-EA07-46FC-A16E-3DA36348FCA8}.Debug|Any CPU.ActiveCfg = Debug|Any CPU
		{CE71746F-EA07-46FC-A16E-3DA36348FCA8}.Debug|Any CPU.Build.0 = Debug|Any CPU
		{CE71746F-EA07-46FC-A16E-3DA36348FCA8}.Release|Any CPU.ActiveCfg = Release|Any CPU
		{CE71746F-EA07-46FC-A16E-3DA36348FCA8}.Release|Any CPU.Build.0 = Release|Any CPU
	EndGlobalSection
	GlobalSection(SolutionProperties) = preSolution
		HideSolutionNode = FALSE
	EndGlobalSection
	GlobalSection(ExtensibilityGlobals) = postSolution
		SolutionGuid = {77D15B06-DBAE-4BFA-9886-CE82BB2524F6}
	EndGlobalSection
EndGlobal
